
Microsoft Visual Studio Solution File, Format Version 12.00
# Visual Studio Version 17
VisualStudioVersion = 17.7.34031.279
MinimumVisualStudioVersion = 10.0.40219.1
Project("{9A19103F-16F7-4668-BE54-9A1E7A4F7556}") = "Lab1NET", "Lab1NETLysenko\Lab1NET.csproj", "{2E2E8F0C-F5CC-41A8-A9D0-65D9A5441A97}"
EndProject
Project("{9A19103F-16F7-4668-BE54-9A1E7A4F7556}") = "YoloParser", "YoloParser\YoloParser.csproj", "{31D3CD1D-4BF1-45B5-AB28-5B4431C5B6C6}"
EndProject
Project("{FAE04EC0-301F-11D3-BF4B-00C04F79EFBC}") = "Lab2NET", "Lab2NET\Lab2NET.csproj", "{43D8FAB1-50A5-4343-B5AF-3A5E96C780DE}"
	ProjectSection(ProjectDependencies) = postProject
		{31D3CD1D-4BF1-45B5-AB28-5B4431C5B6C6} = {31D3CD1D-4BF1-45B5-AB28-5B4431C5B6C6}
	EndProjectSection
EndProject
Global
	GlobalSection(SolutionConfigurationPlatforms) = preSolution
		Debug|Any CPU = Debug|Any CPU
		Release|Any CPU = Release|Any CPU
	EndGlobalSection
	GlobalSection(ProjectConfigurationPlatforms) = postSolution
		{2E2E8F0C-F5CC-41A8-A9D0-65D9A5441A97}.Debug|Any CPU.ActiveCfg = Debug|Any CPU
		{2E2E8F0C-F5CC-41A8-A9D0-65D9A5441A97}.Debug|Any CPU.Build.0 = Debug|Any CPU
		{2E2E8F0C-F5CC-41A8-A9D0-65D9A5441A97}.Release|Any CPU.ActiveCfg = Release|Any CPU
		{2E2E8F0C-F5CC-41A8-A9D0-65D9A5441A97}.Release|Any CPU.Build.0 = Release|Any CPU
		{31D3CD1D-4BF1-45B5-AB28-5B4431C5B6C6}.Debug|Any CPU.ActiveCfg = Debug|Any CPU
		{31D3CD1D-4BF1-45B5-AB28-5B4431C5B6C6}.Debug|Any CPU.Build.0 = Debug|Any CPU
		{31D3CD1D-4BF1-45B5-AB28-5B4431C5B6C6}.Release|Any CPU.ActiveCfg = Release|Any CPU
		{31D3CD1D-4BF1-45B5-AB28-5B4431C5B6C6}.Release|Any CPU.Build.0 = Release|Any CPU
		{43D8FAB1-50A5-4343-B5AF-3A5E96C780DE}.Debug|Any CPU.ActiveCfg = Debug|Any CPU
		{43D8FAB1-50A5-4343-B5AF-3A5E96C780DE}.Debug|Any CPU.Build.0 = Debug|Any CPU
		{43D8FAB1-50A5-4343-B5AF-3A5E96C780DE}.Release|Any CPU.ActiveCfg = Release|Any CPU
		{43D8FAB1-50A5-4343-B5AF-3A5E96C780DE}.Release|Any CPU.Build.0 = Release|Any CPU
	EndGlobalSection
	GlobalSection(SolutionProperties) = preSolution
		HideSolutionNode = FALSE
	EndGlobalSection
	GlobalSection(ExtensibilityGlobals) = postSolution
		SolutionGuid = {61F19ECB-CF68-41C0-8FF1-4D53F5E742E8}
	EndGlobalSection
EndGlobal
